// !$*UTF8*$!
{
	archiveVersion = 1;
	classes = {
	};
	objectVersion = 50;
	objects = {

/* Begin PBXBuildFile section */
		F31FC56F23B1068B00960C54 /* DataManager.swift in Sources */ = {isa = PBXBuildFile; fileRef = F31FC56E23B1068B00960C54 /* DataManager.swift */; };
		F33639BF23AF75FA007A4944 /* AppDelegate.swift in Sources */ = {isa = PBXBuildFile; fileRef = F33639BE23AF75FA007A4944 /* AppDelegate.swift */; };
		F33639C123AF75FA007A4944 /* SceneDelegate.swift in Sources */ = {isa = PBXBuildFile; fileRef = F33639C023AF75FA007A4944 /* SceneDelegate.swift */; };
		F33639C823AF75FE007A4944 /* Assets.xcassets in Resources */ = {isa = PBXBuildFile; fileRef = F33639C723AF75FE007A4944 /* Assets.xcassets */; };
		F33639CB23AF75FE007A4944 /* LaunchScreen.storyboard in Resources */ = {isa = PBXBuildFile; fileRef = F33639C923AF75FE007A4944 /* LaunchScreen.storyboard */; };
		F33639D623AF75FE007A4944 /* MVPExampleAppTests.swift in Sources */ = {isa = PBXBuildFile; fileRef = F33639D523AF75FE007A4944 /* MVPExampleAppTests.swift */; };
		F33639E123AF7E59007A4944 /* MainViewController.swift in Sources */ = {isa = PBXBuildFile; fileRef = F33639E023AF7E59007A4944 /* MainViewController.swift */; };
		F33639E423AF7E8B007A4944 /* MainView.swift in Sources */ = {isa = PBXBuildFile; fileRef = F33639E323AF7E8B007A4944 /* MainView.swift */; };
		F3FA123123B216B40025A384 /* Conference.swift in Sources */ = {isa = PBXBuildFile; fileRef = F3FA123023B216B40025A384 /* Conference.swift */; };
		F3FA123323B228EE0025A384 /* Team.swift in Sources */ = {isa = PBXBuildFile; fileRef = F3FA123223B228EE0025A384 /* Team.swift */; };
		F3FA123723B2366C0025A384 /* MainViewPresenter.swift in Sources */ = {isa = PBXBuildFile; fileRef = F3FA123623B2366C0025A384 /* MainViewPresenter.swift */; };
/* End PBXBuildFile section */

/* Begin PBXContainerItemProxy section */
		F33639D223AF75FE007A4944 /* PBXContainerItemProxy */ = {
			isa = PBXContainerItemProxy;
			containerPortal = F33639B323AF75F9007A4944 /* Project object */;
			proxyType = 1;
			remoteGlobalIDString = F33639BA23AF75F9007A4944;
			remoteInfo = MVPExampleApp;
		};
/* End PBXContainerItemProxy section */

/* Begin PBXFileReference section */
		F31FC56E23B1068B00960C54 /* DataManager.swift */ = {isa = PBXFileReference; lastKnownFileType = sourcecode.swift; path = DataManager.swift; sourceTree = "<group>"; };
		F33639BB23AF75FA007A4944 /* MVPExampleApp.app */ = {isa = PBXFileReference; explicitFileType = wrapper.application; includeInIndex = 0; path = MVPExampleApp.app; sourceTree = BUILT_PRODUCTS_DIR; };
		F33639BE23AF75FA007A4944 /* AppDelegate.swift */ = {isa = PBXFileReference; lastKnownFileType = sourcecode.swift; path = AppDelegate.swift; sourceTree = "<group>"; };
		F33639C023AF75FA007A4944 /* SceneDelegate.swift */ = {isa = PBXFileReference; lastKnownFileType = sourcecode.swift; path = SceneDelegate.swift; sourceTree = "<group>"; };
		F33639C723AF75FE007A4944 /* Assets.xcassets */ = {isa = PBXFileReference; lastKnownFileType = folder.assetcatalog; path = Assets.xcassets; sourceTree = "<group>"; };
		F33639CA23AF75FE007A4944 /* Base */ = {isa = PBXFileReference; lastKnownFileType = file.storyboard; name = Base; path = Base.lproj/LaunchScreen.storyboard; sourceTree = "<group>"; };
		F33639CC23AF75FE007A4944 /* Info.plist */ = {isa = PBXFileReference; lastKnownFileType = text.plist.xml; path = Info.plist; sourceTree = "<group>"; };
		F33639D123AF75FE007A4944 /* MVPExampleAppTests.xctest */ = {isa = PBXFileReference; explicitFileType = wrapper.cfbundle; includeInIndex = 0; path = MVPExampleAppTests.xctest; sourceTree = BUILT_PRODUCTS_DIR; };
		F33639D523AF75FE007A4944 /* MVPExampleAppTests.swift */ = {isa = PBXFileReference; lastKnownFileType = sourcecode.swift; path = MVPExampleAppTests.swift; sourceTree = "<group>"; };
		F33639D723AF75FE007A4944 /* Info.plist */ = {isa = PBXFileReference; lastKnownFileType = text.plist.xml; path = Info.plist; sourceTree = "<group>"; };
		F33639E023AF7E59007A4944 /* MainViewController.swift */ = {isa = PBXFileReference; lastKnownFileType = sourcecode.swift; path = MainViewController.swift; sourceTree = "<group>"; };
		F33639E323AF7E8B007A4944 /* MainView.swift */ = {isa = PBXFileReference; lastKnownFileType = sourcecode.swift; path = MainView.swift; sourceTree = "<group>"; };
		F3FA123023B216B40025A384 /* Conference.swift */ = {isa = PBXFileReference; lastKnownFileType = sourcecode.swift; path = Conference.swift; sourceTree = "<group>"; };
		F3FA123223B228EE0025A384 /* Team.swift */ = {isa = PBXFileReference; lastKnownFileType = sourcecode.swift; path = Team.swift; sourceTree = "<group>"; };
		F3FA123623B2366C0025A384 /* MainViewPresenter.swift */ = {isa = PBXFileReference; lastKnownFileType = sourcecode.swift; path = MainViewPresenter.swift; sourceTree = "<group>"; };
/* End PBXFileReference section */

/* Begin PBXFrameworksBuildPhase section */
		F33639B823AF75F9007A4944 /* Frameworks */ = {
			isa = PBXFrameworksBuildPhase;
			buildActionMask = 2147483647;
			files = (
			);
			runOnlyForDeploymentPostprocessing = 0;
		};
		F33639CE23AF75FE007A4944 /* Frameworks */ = {
			isa = PBXFrameworksBuildPhase;
			buildActionMask = 2147483647;
			files = (
			);
			runOnlyForDeploymentPostprocessing = 0;
		};
/* End PBXFrameworksBuildPhase section */

/* Begin PBXGroup section */
		F33639B223AF75F9007A4944 = {
			isa = PBXGroup;
			children = (
				F33639BD23AF75FA007A4944 /* MVPExampleApp */,
				F33639D423AF75FE007A4944 /* MVPExampleAppTests */,
				F33639BC23AF75FA007A4944 /* Products */,
			);
			sourceTree = "<group>";
		};
		F33639BC23AF75FA007A4944 /* Products */ = {
			isa = PBXGroup;
			children = (
				F33639BB23AF75FA007A4944 /* MVPExampleApp.app */,
				F33639D123AF75FE007A4944 /* MVPExampleAppTests.xctest */,
			);
			name = Products;
			sourceTree = "<group>";
		};
		F33639BD23AF75FA007A4944 /* MVPExampleApp */ = {
			isa = PBXGroup;
			children = (
				F3FA122F23B214460025A384 /* Model */,
				F33639E223AF7E6B007A4944 /* Views */,
				F33639BE23AF75FA007A4944 /* AppDelegate.swift */,
				F33639C023AF75FA007A4944 /* SceneDelegate.swift */,
				F33639C723AF75FE007A4944 /* Assets.xcassets */,
				F33639C923AF75FE007A4944 /* LaunchScreen.storyboard */,
				F33639CC23AF75FE007A4944 /* Info.plist */,
				F33639E023AF7E59007A4944 /* MainViewController.swift */,
				F31FC56E23B1068B00960C54 /* DataManager.swift */,
				F3FA123623B2366C0025A384 /* MainViewPresenter.swift */,
			);
			path = MVPExampleApp;
			sourceTree = "<group>";
		};
		F33639D423AF75FE007A4944 /* MVPExampleAppTests */ = {
			isa = PBXGroup;
			children = (
				F33639D523AF75FE007A4944 /* MVPExampleAppTests.swift */,
				F33639D723AF75FE007A4944 /* Info.plist */,
			);
			path = MVPExampleAppTests;
			sourceTree = "<group>";
		};
		F33639E223AF7E6B007A4944 /* Views */ = {
			isa = PBXGroup;
			children = (
				F33639E323AF7E8B007A4944 /* MainView.swift */,
			);
			path = Views;
			sourceTree = "<group>";
		};
		F3FA122F23B214460025A384 /* Model */ = {
			isa = PBXGroup;
			children = (
				F3FA123023B216B40025A384 /* Conference.swift */,
				F3FA123223B228EE0025A384 /* Team.swift */,
			);
			path = Model;
			sourceTree = "<group>";
		};
/* End PBXGroup section */

/* Begin PBXNativeTarget section */
		F33639BA23AF75F9007A4944 /* MVPExampleApp */ = {
			isa = PBXNativeTarget;
			buildConfigurationList = F33639DA23AF75FE007A4944 /* Build configuration list for PBXNativeTarget "MVPExampleApp" */;
			buildPhases = (
				F33639B723AF75F9007A4944 /* Sources */,
				F33639B823AF75F9007A4944 /* Frameworks */,
				F33639B923AF75F9007A4944 /* Resources */,
			);
			buildRules = (
			);
			dependencies = (
			);
			name = MVPExampleApp;
			productName = MVPExampleApp;
			productReference = F33639BB23AF75FA007A4944 /* MVPExampleApp.app */;
			productType = "com.apple.product-type.application";
		};
		F33639D023AF75FE007A4944 /* MVPExampleAppTests */ = {
			isa = PBXNativeTarget;
			buildConfigurationList = F33639DD23AF75FE007A4944 /* Build configuration list for PBXNativeTarget "MVPExampleAppTests" */;
			buildPhases = (
				F33639CD23AF75FE007A4944 /* Sources */,
				F33639CE23AF75FE007A4944 /* Frameworks */,
				F33639CF23AF75FE007A4944 /* Resources */,
			);
			buildRules = (
			);
			dependencies = (
				F33639D323AF75FE007A4944 /* PBXTargetDependency */,
			);
			name = MVPExampleAppTests;
			productName = MVPExampleAppTests;
			productReference = F33639D123AF75FE007A4944 /* MVPExampleAppTests.xctest */;
			productType = "com.apple.product-type.bundle.unit-test";
		};
/* End PBXNativeTarget section */

/* Begin PBXProject section */
		F33639B323AF75F9007A4944 /* Project object */ = {
			isa = PBXProject;
			attributes = {
				LastSwiftUpdateCheck = 1130;
				LastUpgradeCheck = 1130;
				ORGANIZATIONNAME = "Dacio Leal Rodriguez";
				TargetAttributes = {
					F33639BA23AF75F9007A4944 = {
						CreatedOnToolsVersion = 11.3;
					};
					F33639D023AF75FE007A4944 = {
						CreatedOnToolsVersion = 11.3;
						TestTargetID = F33639BA23AF75F9007A4944;
					};
				};
			};
			buildConfigurationList = F33639B623AF75F9007A4944 /* Build configuration list for PBXProject "MVPExampleApp" */;
			compatibilityVersion = "Xcode 9.3";
			developmentRegion = en;
			hasScannedForEncodings = 0;
			knownRegions = (
				en,
				Base,
			);
			mainGroup = F33639B223AF75F9007A4944;
			productRefGroup = F33639BC23AF75FA007A4944 /* Products */;
			projectDirPath = "";
			projectRoot = "";
			targets = (
				F33639BA23AF75F9007A4944 /* MVPExampleApp */,
				F33639D023AF75FE007A4944 /* MVPExampleAppTests */,
			);
		};
/* End PBXProject section */

/* Begin PBXResourcesBuildPhase section */
		F33639B923AF75F9007A4944 /* Resources */ = {
			isa = PBXResourcesBuildPhase;
			buildActionMask = 2147483647;
			files = (
				F33639CB23AF75FE007A4944 /* LaunchScreen.storyboard in Resources */,
				F33639C823AF75FE007A4944 /* Assets.xcassets in Resources */,
			);
			runOnlyForDeploymentPostprocessing = 0;
		};
		F33639CF23AF75FE007A4944 /* Resources */ = {
			isa = PBXResourcesBuildPhase;
			buildActionMask = 2147483647;
			files = (
			);
			runOnlyForDeploymentPostprocessing = 0;
		};
/* End PBXResourcesBuildPhase section */

/* Begin PBXSourcesBuildPhase section */
		F33639B723AF75F9007A4944 /* Sources */ = {
			isa = PBXSourcesBuildPhase;
			buildActionMask = 2147483647;
			files = (
				F33639BF23AF75FA007A4944 /* AppDelegate.swift in Sources */,
				F31FC56F23B1068B00960C54 /* DataManager.swift in Sources */,
				F3FA123323B228EE0025A384 /* Team.swift in Sources */,
				F33639C123AF75FA007A4944 /* SceneDelegate.swift in Sources */,
				F3FA123123B216B40025A384 /* Conference.swift in Sources */,
				F33639E423AF7E8B007A4944 /* MainView.swift in Sources */,
				F33639E123AF7E59007A4944 /* MainViewController.swift in Sources */,
				F3FA123723B2366C0025A384 /* MainViewPresenter.swift in Sources */,
			);
			runOnlyForDeploymentPostprocessing = 0;
		};
		F33639CD23AF75FE007A4944 /* Sources */ = {
			isa = PBXSourcesBuildPhase;
			buildActionMask = 2147483647;
			files = (
				F33639D623AF75FE007A4944 /* MVPExampleAppTests.swift in Sources */,
			);
			runOnlyForDeploymentPostprocessing = 0;
		};
/* End PBXSourcesBuildPhase section */

/* Begin PBXTargetDependency section */
		F33639D323AF75FE007A4944 /* PBXTargetDependency */ = {
			isa = PBXTargetDependency;
			target = F33639BA23AF75F9007A4944 /* MVPExampleApp */;
			targetProxy = F33639D223AF75FE007A4944 /* PBXContainerItemProxy */;
		};
/* End PBXTargetDependency section */

/* Begin PBXVariantGroup section */
		F33639C923AF75FE007A4944 /* LaunchScreen.storyboard */ = {
			isa = PBXVariantGroup;
			children = (
				F33639CA23AF75FE007A4944 /* Base */,
			);
			name = LaunchScreen.storyboard;
			sourceTree = "<group>";
		};
/* End PBXVariantGroup section */

/* Begin XCBuildConfiguration section */
		F33639D823AF75FE007A4944 /* Debug */ = {
			isa = XCBuildConfiguration;
			buildSettings = {
				ALWAYS_SEARCH_USER_PATHS = NO;
				CLANG_ANALYZER_NONNULL = YES;
				CLANG_ANALYZER_NUMBER_OBJECT_CONVERSION = YES_AGGRESSIVE;
				CLANG_CXX_LANGUAGE_STANDARD = "gnu++14";
				CLANG_CXX_LIBRARY = "libc++";
				CLANG_ENABLE_MODULES = YES;
				CLANG_ENABLE_OBJC_ARC = YES;
				CLANG_ENABLE_OBJC_WEAK = YES;
				CLANG_WARN_BLOCK_CAPTURE_AUTORELEASING = YES;
				CLANG_WARN_BOOL_CONVERSION = YES;
				CLANG_WARN_COMMA = YES;
				CLANG_WARN_CONSTANT_CONVERSION = YES;
				CLANG_WARN_DEPRECATED_OBJC_IMPLEMENTATIONS = YES;
				CLANG_WARN_DIRECT_OBJC_ISA_USAGE = YES_ERROR;
				CLANG_WARN_DOCUMENTATION_COMMENTS = YES;
				CLANG_WARN_EMPTY_BODY = YES;
				CLANG_WARN_ENUM_CONVERSION = YES;
				CLANG_WARN_INFINITE_RECURSION = YES;
				CLANG_WARN_INT_CONVERSION = YES;
				CLANG_WARN_NON_LITERAL_NULL_CONVERSION = YES;
				CLANG_WARN_OBJC_IMPLICIT_RETAIN_SELF = YES;
				CLANG_WARN_OBJC_LITERAL_CONVERSION = YES;
				CLANG_WARN_OBJC_ROOT_CLASS = YES_ERROR;
				CLANG_WARN_RANGE_LOOP_ANALYSIS = YES;
				CLANG_WARN_STRICT_PROTOTYPES = YES;
				CLANG_WARN_SUSPICIOUS_MOVE = YES;
				CLANG_WARN_UNGUARDED_AVAILABILITY = YES_AGGRESSIVE;
				CLANG_WARN_UNREACHABLE_CODE = YES;
				CLANG_WARN__DUPLICATE_METHOD_MATCH = YES;
				COPY_PHASE_STRIP = NO;
				DEBUG_INFORMATION_FORMAT = dwarf;
				ENABLE_STRICT_OBJC_MSGSEND = YES;
				ENABLE_TESTABILITY = YES;
				GCC_C_LANGUAGE_STANDARD = gnu11;
				GCC_DYNAMIC_NO_PIC = NO;
				GCC_NO_COMMON_BLOCKS = YES;
				GCC_OPTIMIZATION_LEVEL = 0;
				GCC_PREPROCESSOR_DEFINITIONS = (
					"DEBUG=1",
					"$(inherited)",
				);
				GCC_WARN_64_TO_32_BIT_CONVERSION = YES;
				GCC_WARN_ABOUT_RETURN_TYPE = YES_ERROR;
				GCC_WARN_UNDECLARED_SELECTOR = YES;
				GCC_WARN_UNINITIALIZED_AUTOS = YES_AGGRESSIVE;
				GCC_WARN_UNUSED_FUNCTION = YES;
				GCC_WARN_UNUSED_VARIABLE = YES;
				IPHONEOS_DEPLOYMENT_TARGET = 13.2;
				MTL_ENABLE_DEBUG_INFO = INCLUDE_SOURCE;
				MTL_FAST_MATH = YES;
				ONLY_ACTIVE_ARCH = YES;
				SDKROOT = iphoneos;
				SWIFT_ACTIVE_COMPILATION_CONDITIONS = DEBUG;
				SWIFT_OPTIMIZATION_LEVEL = "-Onone";
			};
			name = Debug;
		};
		F33639D923AF75FE007A4944 /* Release */ = {
			isa = XCBuildConfiguration;
			buildSettings = {
				ALWAYS_SEARCH_USER_PATHS = NO;
				CLANG_ANALYZER_NONNULL = YES;
				CLANG_ANALYZER_NUMBER_OBJECT_CONVERSION = YES_AGGRESSIVE;
				CLANG_CXX_LANGUAGE_STANDARD = "gnu++14";
				CLANG_CXX_LIBRARY = "libc++";
				CLANG_ENABLE_MODULES = YES;
				CLANG_ENABLE_OBJC_ARC = YES;
				CLANG_ENABLE_OBJC_WEAK = YES;
				CLANG_WARN_BLOCK_CAPTURE_AUTORELEASING = YES;
				CLANG_WARN_BOOL_CONVERSION = YES;
				CLANG_WARN_COMMA = YES;
				CLANG_WARN_CONSTANT_CONVERSION = YES;
				CLANG_WARN_DEPRECATED_OBJC_IMPLEMENTATIONS = YES;
				CLANG_WARN_DIRECT_OBJC_ISA_USAGE = YES_ERROR;
				CLANG_WARN_DOCUMENTATION_COMMENTS = YES;
				CLANG_WARN_EMPTY_BODY = YES;
				CLANG_WARN_ENUM_CONVERSION = YES;
				CLANG_WARN_INFINITE_RECURSION = YES;
				CLANG_WARN_INT_CONVERSION = YES;
				CLANG_WARN_NON_LITERAL_NULL_CONVERSION = YES;
				CLANG_WARN_OBJC_IMPLICIT_RETAIN_SELF = YES;
				CLANG_WARN_OBJC_LITERAL_CONVERSION = YES;
				CLANG_WARN_OBJC_ROOT_CLASS = YES_ERROR;
				CLANG_WARN_RANGE_LOOP_ANALYSIS = YES;
				CLANG_WARN_STRICT_PROTOTYPES = YES;
				CLANG_WARN_SUSPICIOUS_MOVE = YES;
				CLANG_WARN_UNGUARDED_AVAILABILITY = YES_AGGRESSIVE;
				CLANG_WARN_UNREACHABLE_CODE = YES;
				CLANG_WARN__DUPLICATE_METHOD_MATCH = YES;
				COPY_PHASE_STRIP = NO;
				DEBUG_INFORMATION_FORMAT = "dwarf-with-dsym";
				ENABLE_NS_ASSERTIONS = NO;
				ENABLE_STRICT_OBJC_MSGSEND = YES;
				GCC_C_LANGUAGE_STANDARD = gnu11;
				GCC_NO_COMMON_BLOCKS = YES;
				GCC_WARN_64_TO_32_BIT_CONVERSION = YES;
				GCC_WARN_ABOUT_RETURN_TYPE = YES_ERROR;
				GCC_WARN_UNDECLARED_SELECTOR = YES;
				GCC_WARN_UNINITIALIZED_AUTOS = YES_AGGRESSIVE;
				GCC_WARN_UNUSED_FUNCTION = YES;
				GCC_WARN_UNUSED_VARIABLE = YES;
				IPHONEOS_DEPLOYMENT_TARGET = 13.2;
				MTL_ENABLE_DEBUG_INFO = NO;
				MTL_FAST_MATH = YES;
				SDKROOT = iphoneos;
				SWIFT_COMPILATION_MODE = wholemodule;
				SWIFT_OPTIMIZATION_LEVEL = "-O";
				VALIDATE_PRODUCT = YES;
			};
			name = Release;
		};
		F33639DB23AF75FE007A4944 /* Debug */ = {
			isa = XCBuildConfiguration;
			buildSettings = {
				ASSETCATALOG_COMPILER_APPICON_NAME = AppIcon;
				CODE_SIGN_STYLE = Automatic;
				DEVELOPMENT_TEAM = F46B27V4C7;
				INFOPLIST_FILE = MVPExampleApp/Info.plist;
				IPHONEOS_DEPLOYMENT_TARGET = 13.2;
				LD_RUNPATH_SEARCH_PATHS = (
					"$(inherited)",
					"@executable_path/Frameworks",
				);
				PRODUCT_BUNDLE_IDENTIFIER = com.dacioleal.MVPExampleApp;
				PRODUCT_NAME = "$(TARGET_NAME)";
				SWIFT_VERSION = 5.0;
				TARGETED_DEVICE_FAMILY = "1,2";
			};
			name = Debug;
		};
		F33639DC23AF75FE007A4944 /* Release */ = {
			isa = XCBuildConfiguration;
			buildSettings = {
				ASSETCATALOG_COMPILER_APPICON_NAME = AppIcon;
				CODE_SIGN_STYLE = Automatic;
				DEVELOPMENT_TEAM = F46B27V4C7;
				INFOPLIST_FILE = MVPExampleApp/Info.plist;
				IPHONEOS_DEPLOYMENT_TARGET = 13.2;
				LD_RUNPATH_SEARCH_PATHS = (
					"$(inherited)",
					"@executable_path/Frameworks",
				);
				PRODUCT_BUNDLE_IDENTIFIER = com.dacioleal.MVPExampleApp;
				PRODUCT_NAME = "$(TARGET_NAME)";
				SWIFT_VERSION = 5.0;
				TARGETED_DEVICE_FAMILY = "1,2";
			};
			name = Release;
		};
		F33639DE23AF75FE007A4944 /* Debug */ = {
			isa = XCBuildConfiguration;
			buildSettings = {
				ALWAYS_EMBED_SWIFT_STANDARD_LIBRARIES = YES;
				BUNDLE_LOADER = "$(TEST_HOST)";
				CODE_SIGN_STYLE = Automatic;
				DEVELOPMENT_TEAM = F46B27V4C7;
				INFOPLIST_FILE = MVPExampleAppTests/Info.plist;
				IPHONEOS_DEPLOYMENT_TARGET = 13.2;
				LD_RUNPATH_SEARCH_PATHS = (
					"$(inherited)",
					"@executable_path/Frameworks",
					"@loader_path/Frameworks",
				);
				PRODUCT_BUNDLE_IDENTIFIER = com.dacioleal.MVPExampleAppTests;
				PRODUCT_NAME = "$(TARGET_NAME)";
				SWIFT_VERSION = 5.0;
				TARGETED_DEVICE_FAMILY = "1,2";
				TEST_HOST = "$(BUILT_PRODUCTS_DIR)/MVPExampleApp.app/MVPExampleApp";
			};
			name = Debug;
		};
		F33639DF23AF75FE007A4944 /* Release */ = {
			isa = XCBuildConfiguration;
			buildSettings = {
				ALWAYS_EMBED_SWIFT_STANDARD_LIBRARIES = YES;
				BUNDLE_LOADER = "$(TEST_HOST)";
				CODE_SIGN_STYLE = Automatic;
				DEVELOPMENT_TEAM = F46B27V4C7;
				INFOPLIST_FILE = MVPExampleAppTests/Info.plist;
				IPHONEOS_DEPLOYMENT_TARGET = 13.2;
				LD_RUNPATH_SEARCH_PATHS = (
					"$(inherited)",
					"@executable_path/Frameworks",
					"@loader_path/Frameworks",
				);
				PRODUCT_BUNDLE_IDENTIFIER = com.dacioleal.MVPExampleAppTests;
				PRODUCT_NAME = "$(TARGET_NAME)";
				SWIFT_VERSION = 5.0;
				TARGETED_DEVICE_FAMILY = "1,2";
				TEST_HOST = "$(BUILT_PRODUCTS_DIR)/MVPExampleApp.app/MVPExampleApp";
			};
			name = Release;
		};
/* End XCBuildConfiguration section */

/* Begin XCConfigurationList section */
		F33639B623AF75F9007A4944 /* Build configuration list for PBXProject "MVPExampleApp" */ = {
			isa = XCConfigurationList;
			buildConfigurations = (
				F33639D823AF75FE007A4944 /* Debug */,
				F33639D923AF75FE007A4944 /* Release */,
			);
			defaultConfigurationIsVisible = 0;
			defaultConfigurationName = Release;
		};
		F33639DA23AF75FE007A4944 /* Build configuration list for PBXNativeTarget "MVPExampleApp" */ = {
			isa = XCConfigurationList;
			buildConfigurations = (
				F33639DB23AF75FE007A4944 /* Debug */,
				F33639DC23AF75FE007A4944 /* Release */,
			);
			defaultConfigurationIsVisible = 0;
			defaultConfigurationName = Release;
		};
		F33639DD23AF75FE007A4944 /* Build configuration list for PBXNativeTarget "MVPExampleAppTests" */ = {
			isa = XCConfigurationList;
			buildConfigurations = (
				F33639DE23AF75FE007A4944 /* Debug */,
				F33639DF23AF75FE007A4944 /* Release */,
			);
			defaultConfigurationIsVisible = 0;
			defaultConfigurationName = Release;
		};
/* End XCConfigurationList section */
	};
	rootObject = F33639B323AF75F9007A4944 /* Project object */;
}
